
Microsoft Visual Studio Solution File, Format Version 12.00
# Visual Studio Version 17
VisualStudioVersion = 17.5.002.0
MinimumVisualStudioVersion = 10.0.40219.1
Project("{9A19103F-16F7-4668-BE54-9A1E7A4F7556}") = "API", "..\API\API.csproj", "{F4C6A34C-DDA9-48F4-845C-5E954BB53B54}"
EndProject
Project("{FAE04EC0-301F-11D3-BF4B-00C04F79EFBC}") = "Backend", "Backend.csproj", "{D6B38FCA-169D-4471-8CE1-7788F3208D06}"
EndProject
Project("{FAE04EC0-301F-11D3-BF4B-00C04F79EFBC}") = "Shared", "..\Shared\Shared.csproj", "{DBD88B2F-67E0-4A81-B6B0-58403B2C96E4}"
EndProject
Global
	GlobalSection(SolutionConfigurationPlatforms) = preSolution
		Debug|Any CPU = Debug|Any CPU
		Release|Any CPU = Release|Any CPU
	EndGlobalSection
	GlobalSection(ProjectConfigurationPlatforms) = postSolution
		{F4C6A34C-DDA9-48F4-845C-5E954BB53B54}.Debug|Any CPU.ActiveCfg = Debug|Any CPU
		{F4C6A34C-DDA9-48F4-845C-5E954BB53B54}.Debug|Any CPU.Build.0 = Debug|Any CPU
		{F4C6A34C-DDA9-48F4-845C-5E954BB53B54}.Release|Any CPU.ActiveCfg = Release|Any CPU
		{F4C6A34C-DDA9-48F4-845C-5E954BB53B54}.Release|Any CPU.Build.0 = Release|Any CPU
		{D6B38FCA-169D-4471-8CE1-7788F3208D06}.Debug|Any CPU.ActiveCfg = Debug|Any CPU
		{D6B38FCA-169D-4471-8CE1-7788F3208D06}.Debug|Any CPU.Build.0 = Debug|Any CPU
		{D6B38FCA-169D-4471-8CE1-7788F3208D06}.Release|Any CPU.ActiveCfg = Release|Any CPU
		{D6B38FCA-169D-4471-8CE1-7788F3208D06}.Release|Any CPU.Build.0 = Release|Any CPU
		{DBD88B2F-67E0-4A81-B6B0-58403B2C96E4}.Debug|Any CPU.ActiveCfg = Debug|Any CPU
		{DBD88B2F-67E0-4A81-B6B0-58403B2C96E4}.Debug|Any CPU.Build.0 = Debug|Any CPU
		{DBD88B2F-67E0-4A81-B6B0-58403B2C96E4}.Release|Any CPU.ActiveCfg = Release|Any CPU
		{DBD88B2F-67E0-4A81-B6B0-58403B2C96E4}.Release|Any CPU.Build.0 = Release|Any CPU
	EndGlobalSection
	GlobalSection(SolutionProperties) = preSolution
		HideSolutionNode = FALSE
	EndGlobalSection
	GlobalSection(ExtensibilityGlobals) = postSolution
		SolutionGuid = {F7FF8B00-48B1-439F-8623-CEE80ECF4B33}
	EndGlobalSection
EndGlobal
